
Microsoft Visual Studio Solution File, Format Version 12.00
# Visual Studio Version 17
VisualStudioVersion = 17.7.34221.43
MinimumVisualStudioVersion = 10.0.40219.1
Project("{9A19103F-16F7-4668-BE54-9A1E7A4F7556}") = "UnitTestDemo", "UnitTestDemo\UnitTestDemo.csproj", "{9964DC7A-6A37-4548-A3C5-B6133899E001}"
EndProject
Global
	GlobalSection(SolutionConfigurationPlatforms) = preSolution
		Debug|Any CPU = Debug|Any CPU
		Release|Any CPU = Release|Any CPU
	EndGlobalSection
	GlobalSection(ProjectConfigurationPlatforms) = postSolution
		{9964DC7A-6A37-4548-A3C5-B6133899E001}.Debug|Any CPU.ActiveCfg = Debug|Any CPU
		{9964DC7A-6A37-4548-A3C5-B6133899E001}.Debug|Any CPU.Build.0 = Debug|Any CPU
		{9964DC7A-6A37-4548-A3C5-B6133899E001}.Release|Any CPU.ActiveCfg = Release|Any CPU
		{9964DC7A-6A37-4548-A3C5-B6133899E001}.Release|Any CPU.Build.0 = Release|Any CPU
	EndGlobalSection
	GlobalSection(SolutionProperties) = preSolution
		HideSolutionNode = FALSE
	EndGlobalSection
	GlobalSection(ExtensibilityGlobals) = postSolution
		SolutionGuid = {6F605C60-071D-4CE3-99EB-BC797AC83E39}
	EndGlobalSection
EndGlobal
